
Microsoft Visual Studio Solution File, Format Version 12.00
# Visual Studio Version 16
VisualStudioVersion = 16.0.31410.357
MinimumVisualStudioVersion = 10.0.40219.1
Project("{FAE04EC0-301F-11D3-BF4B-00C04F79EFBC}") = "WebApplication", "WebApplication.csproj", "{A95DFDC0-C112-4466-919C-96EB324B5ECD}"
EndProject
Global
	GlobalSection(SolutionConfigurationPlatforms) = preSolution
		Debug|Any CPU = Debug|Any CPU
		Release|Any CPU = Release|Any CPU
	EndGlobalSection
	GlobalSection(ProjectConfigurationPlatforms) = postSolution
		{A95DFDC0-C112-4466-919C-96EB324B5ECD}.Debug|Any CPU.ActiveCfg = Debug|Any CPU
		{A95DFDC0-C112-4466-919C-96EB324B5ECD}.Debug|Any CPU.Build.0 = Debug|Any CPU
		{A95DFDC0-C112-4466-919C-96EB324B5ECD}.Release|Any CPU.ActiveCfg = Release|Any CPU
		{A95DFDC0-C112-4466-919C-96EB324B5ECD}.Release|Any CPU.Build.0 = Release|Any CPU
	EndGlobalSection
	GlobalSection(SolutionProperties) = preSolution
		HideSolutionNode = FALSE
	EndGlobalSection
	GlobalSection(ExtensibilityGlobals) = postSolution
		SolutionGuid = {A6B69401-D284-4DED-B71B-C436F827910F}
	EndGlobalSection
EndGlobal
